
Microsoft Visual Studio Solution File, Format Version 12.00
# Visual Studio Version 16
VisualStudioVersion = 16.0.30621.155
MinimumVisualStudioVersion = 10.0.40219.1
Project("{FAE04EC0-301F-11D3-BF4B-00C04F79EFBC}") = "Secure, Contain and Protect", "Secure, Contain and Protect\Secure, Contain and Protect.csproj", "{8F635FB6-352B-4F81-BB07-DAFCA4B9F05A}"
EndProject
Global
	GlobalSection(SolutionConfigurationPlatforms) = preSolution
		Debug|Any CPU = Debug|Any CPU
		Release|Any CPU = Release|Any CPU
	EndGlobalSection
	GlobalSection(ProjectConfigurationPlatforms) = postSolution
		{8F635FB6-352B-4F81-BB07-DAFCA4B9F05A}.Debug|Any CPU.ActiveCfg = Debug|Any CPU
		{8F635FB6-352B-4F81-BB07-DAFCA4B9F05A}.Debug|Any CPU.Build.0 = Debug|Any CPU
		{8F635FB6-352B-4F81-BB07-DAFCA4B9F05A}.Release|Any CPU.ActiveCfg = Release|Any CPU
		{8F635FB6-352B-4F81-BB07-DAFCA4B9F05A}.Release|Any CPU.Build.0 = Release|Any CPU
	EndGlobalSection
	GlobalSection(SolutionProperties) = preSolution
		HideSolutionNode = FALSE
	EndGlobalSection
	GlobalSection(ExtensibilityGlobals) = postSolution
		SolutionGuid = {E1A93C56-AF33-47B6-859D-F0ED477FABC4}
	EndGlobalSection
EndGlobal
